{
  "name": "axis-psd",
  "version": "1.1.2",
  "lockfileVersion": 2,
  "requires": true,
  "packages": {
    "": {
      "name": "axis-psd",
      "version": "1.1.2",
      "license": "MIT",
      "dependencies": {
        "lodash": "^4.17.4",
        "optimist": "^0.6.1",
        "psd": "^3.2.0"
      },
      "bin": {
        "axis-psd": "bin/axis-psd"
      }
    },
    "node_modules/coffee-script": {
      "version": "1.7.1",
      "integrity": "sha1-YplqhheAx15tUGnROCJyO3NAS/w=",
      "deprecated": "CoffeeScript on NPM has moved to \"coffeescript\" (no hyphen)",
      "dependencies": {
        "mkdirp": "~0.3.5"
      },
      "bin": {
        "cake": "bin/cake",
        "coffee": "bin/coffee"
      },
      "engines": {
        "node": ">=0.8.0"
      }
    },
    "node_modules/coffeescript-module": {
      "version": "0.2.1",
      "integrity": "sha1-LGGqhpg8rNImcZ+fHdqSPLCuZ7A="
    },
    "node_modules/iconv-lite": {
      "version": "0.4.18",
      "integrity": "sha512-sr1ZQph3UwHTR0XftSbK85OvBbxe/abLGzEnPENCQwmHf7sck8Oyu4ob3LgBxWWxRoM+QszeUyl7jbqapu2TqA==",
      "engines": {
        "node": ">=0.10.0"
      }
    },
    "node_modules/jspack": {
      "version": "0.0.4",
      "integrity": "sha1-Mt01x/3LPjRWwY+7fvntC8YjgXc="
    },
    "node_modules/lodash": {
      "version": "4.17.21",
      "integrity": "sha512-v2kDEe57lecTulaDIuNTPy3Ry4gLGJ6Z1O3vE1krgXZNrsQ+LFTGHVxVjcXPs17LhbZVGedAJv8XZ1tvj5FvSg=="
    },
    "node_modules/minimist": {
      "version": "0.0.10",
      "integrity": "sha1-3j+YVD2/lggr5IrRoMfNqDYwHc8="
    },
    "node_modules/mkdirp": {
      "version": "0.3.5",
      "integrity": "sha1-3j5fiWHIjHh+4TaN+EmsRBPsqNc=",
      "deprecated": "Legacy versions of mkdirp are no longer supported. Please update to mkdirp 1.x. (Note that the API surface has changed to use Promises in 1.x.)"
    },
    "node_modules/optimist": {
      "version": "0.6.1",
      "integrity": "sha1-2j6nRob6IaGaERwybpDrFaAZZoY=",
      "dependencies": {
        "minimist": "~0.0.1",
        "wordwrap": "~0.0.2"
      }
    },
    "node_modules/parse-engine-data": {
      "version": "0.1.2",
      "integrity": "sha1-UWH2EzyYiPUhVezO1CcWV13+oFI=",
      "dependencies": {
        "iconv-lite": "^0.4.4"
      }
    },
    "node_modules/pngjs": {
      "version": "3.2.0",
      "integrity": "sha1-/J/OoaijddpUpRFIAZ1avUHbq94=",
      "engines": {
        "node": ">=4.0.0"
      }
    },
    "node_modules/psd": {
      "version": "3.2.0",
      "integrity": "sha512-T3xchHRLA0IuahyaX3Q4/Ml0nRbjWX5QIFw0JK2OxFBnCfJzZwFiGqJ4N93KHfvxuy0NXJdcvr1xYy6AKDVytw==",
      "dependencies": {
        "coffee-script": "~ 1.7.1",
        "coffeescript-module": "~ 0.2.1",
        "iconv-lite": "~ 0.4.4",
        "jspack": "~ 0.0.3",
        "lodash": "~ 2.4",
        "parse-engine-data": "~ 0.1",
        "pngjs": "3.2.0",
        "rsvp": "~ 3.0.6"
      }
    },
    "node_modules/psd/node_modules/lodash": {
      "version": "2.4.2",
      "integrity": "sha1-+t2DS5aDBz2hebPq5tnA0VBT9z4=",
      "engines": [
        "node",
        "rhino"
      ]
    },
    "node_modules/rsvp": {
      "version": "3.0.21",
      "integrity": "sha1-ScWI/hjvKTvNCrn05nVuasQzNZ8="
    },
    "node_modules/wordwrap": {
      "version": "0.0.3",
      "integrity": "sha1-o9XabNXAvAAI03I0u68b7WMFkQc=",
      "engines": {
        "node": ">=0.4.0"
      }
    }
  },
  "dependencies": {
    "coffee-script": {
      "version": "1.7.1",
      "requires": {
        "mkdirp": "~0.3.5"
      }
    },
    "coffeescript-module": {
      "version": "0.2.1"
    },
    "iconv-lite": {
      "version": "0.4.18"
    },
    "jspack": {
      "version": "0.0.4"
    },
    "lodash": {
      "version": "4.17.21"
    },
    "minimist": {
      "version": "0.0.10"
    },
    "mkdirp": {
      "version": "0.3.5"
    },
    "optimist": {
      "version": "0.6.1",
      "requires": {
        "minimist": "~0.0.1",
        "wordwrap": "~0.0.2"
      }
    },
    "parse-engine-data": {
      "version": "0.1.2",
      "requires": {
        "iconv-lite": "^0.4.4"
      }
    },
    "pngjs": {
      "version": "3.2.0"
    },
    "psd": {
      "version": "3.2.0",
      "requires": {
        "coffee-script": "~ 1.7.1",
        "coffeescript-module": "~ 0.2.1",
        "iconv-lite": "~ 0.4.4",
        "jspack": "~ 0.0.3",
        "lodash": "~ 2.4",
        "parse-engine-data": "~ 0.1",
        "pngjs": "3.2.0",
        "rsvp": "~ 3.0.6"
      },
      "dependencies": {
        "lodash": {
          "version": "2.4.2"
        }
      }
    },
    "rsvp": {
      "version": "3.0.21"
    },
    "wordwrap": {
      "version": "0.0.3"
    }
  }
}
